
Microsoft Visual Studio Solution File, Format Version 12.00
# Visual Studio 15
VisualStudioVersion = 15.0.28307.168
MinimumVisualStudioVersion = 10.0.40219.1
Project("{888888A0-9F3D-457C-B088-3A5042F75D52}") = "序列", "序列\序列.pyproj", "{63FDE7FF-67F3-428A-BAA8-6152E4696791}"
EndProject
Global
	GlobalSection(SolutionConfigurationPlatforms) = preSolution
		Debug|Any CPU = Debug|Any CPU
		Release|Any CPU = Release|Any CPU
	EndGlobalSection
	GlobalSection(ProjectConfigurationPlatforms) = postSolution
		{63FDE7FF-67F3-428A-BAA8-6152E4696791}.Debug|Any CPU.ActiveCfg = Debug|Any CPU
		{63FDE7FF-67F3-428A-BAA8-6152E4696791}.Release|Any CPU.ActiveCfg = Release|Any CPU
	EndGlobalSection
	GlobalSection(SolutionProperties) = preSolution
		HideSolutionNode = FALSE
	EndGlobalSection
	GlobalSection(ExtensibilityGlobals) = postSolution
		SolutionGuid = {D2D32CD3-D471-4E89-BA28-9096A8CE895D}
	EndGlobalSection
EndGlobal
