
Microsoft Visual Studio Solution File, Format Version 12.00
# Visual Studio 15
VisualStudioVersion = 15.0.28307.168
MinimumVisualStudioVersion = 10.0.40219.1
Project("{888888A0-9F3D-457C-B088-3A5042F75D52}") = "字符串", "字符串.pyproj", "{FC2F720E-2DE3-48BA-9E66-F8B89F8822BD}"
EndProject
Global
	GlobalSection(SolutionConfigurationPlatforms) = preSolution
		Debug|Any CPU = Debug|Any CPU
		Release|Any CPU = Release|Any CPU
	EndGlobalSection
	GlobalSection(ProjectConfigurationPlatforms) = postSolution
		{FC2F720E-2DE3-48BA-9E66-F8B89F8822BD}.Debug|Any CPU.ActiveCfg = Debug|Any CPU
		{FC2F720E-2DE3-48BA-9E66-F8B89F8822BD}.Release|Any CPU.ActiveCfg = Release|Any CPU
	EndGlobalSection
	GlobalSection(SolutionProperties) = preSolution
		HideSolutionNode = FALSE
	EndGlobalSection
	GlobalSection(ExtensibilityGlobals) = postSolution
		SolutionGuid = {A635B6F6-023F-4C60-95B1-05EA2F78743E}
	EndGlobalSection
EndGlobal
