
Microsoft Visual Studio Solution File, Format Version 12.00
# Visual Studio 15
VisualStudioVersion = 15.0.28307.168
MinimumVisualStudioVersion = 10.0.40219.1
Project("{888888A0-9F3D-457C-B088-3A5042F75D52}") = "2.简单运算", "2.简单运算.pyproj", "{118C9F3B-4C55-4450-A396-C90E3DE7A795}"
EndProject
Global
	GlobalSection(SolutionConfigurationPlatforms) = preSolution
		Debug|Any CPU = Debug|Any CPU
		Release|Any CPU = Release|Any CPU
	EndGlobalSection
	GlobalSection(ProjectConfigurationPlatforms) = postSolution
		{118C9F3B-4C55-4450-A396-C90E3DE7A795}.Debug|Any CPU.ActiveCfg = Debug|Any CPU
		{118C9F3B-4C55-4450-A396-C90E3DE7A795}.Release|Any CPU.ActiveCfg = Release|Any CPU
	EndGlobalSection
	GlobalSection(SolutionProperties) = preSolution
		HideSolutionNode = FALSE
	EndGlobalSection
	GlobalSection(ExtensibilityGlobals) = postSolution
		SolutionGuid = {C46F0225-D15D-43F3-9D3F-AE78E66930C4}
	EndGlobalSection
EndGlobal
